// !$*UTF8*$!
{
	archiveVersion = 1;
	classes = {
	};
	objectVersion = 56;
	objects = {

/* Begin PBXBuildFile section */
		370CE0B529B2FDF200B486A3 /* ImagePicker.swift in Sources */ = {isa = PBXBuildFile; fileRef = 370CE0B429B2FDF200B486A3 /* ImagePicker.swift */; };
		370CE0C129B6CB8600B486A3 /* MainMessagesView.swift in Sources */ = {isa = PBXBuildFile; fileRef = 370CE0C029B6CB8600B486A3 /* MainMessagesView.swift */; };
		370CE0C429B6E7F200B486A3 /* FirebaseManager.swift in Sources */ = {isa = PBXBuildFile; fileRef = 370CE0C329B6E7F200B486A3 /* FirebaseManager.swift */; };
		370CE0C729B8244300B486A3 /* SDWebImageSwiftUI in Frameworks */ = {isa = PBXBuildFile; productRef = 370CE0C629B8244300B486A3 /* SDWebImageSwiftUI */; };
		370CE0CA29B88C9800B486A3 /* ChatUser.swift in Sources */ = {isa = PBXBuildFile; fileRef = 370CE0C929B88C9800B486A3 /* ChatUser.swift */; };
		370CE0CF29B898FD00B486A3 /* CreateNewMessageView.swift in Sources */ = {isa = PBXBuildFile; fileRef = 370CE0CE29B898FD00B486A3 /* CreateNewMessageView.swift */; };
		370CE0D229BAB78E00B486A3 /* ChatLogView.swift in Sources */ = {isa = PBXBuildFile; fileRef = 370CE0D129BAB78E00B486A3 /* ChatLogView.swift */; };
		371E5C9A29A64C2200032768 /* SwiftUI_ChatFirebaseApp.swift in Sources */ = {isa = PBXBuildFile; fileRef = 371E5C9929A64C2200032768 /* SwiftUI_ChatFirebaseApp.swift */; };
		371E5C9C29A64C2200032768 /* LoginView.swift in Sources */ = {isa = PBXBuildFile; fileRef = 371E5C9B29A64C2200032768 /* LoginView.swift */; };
		371E5C9E29A64C2300032768 /* Assets.xcassets in Resources */ = {isa = PBXBuildFile; fileRef = 371E5C9D29A64C2300032768 /* Assets.xcassets */; };
		371E5CA129A64C2300032768 /* Preview Assets.xcassets in Resources */ = {isa = PBXBuildFile; fileRef = 371E5CA029A64C2300032768 /* Preview Assets.xcassets */; };
		371E5CAD29A9DE3200032768 /* GoogleService-Info.plist in Resources */ = {isa = PBXBuildFile; fileRef = 371E5CAC29A9DE3200032768 /* GoogleService-Info.plist */; };
		37277A4129C44DD2004609C7 /* ChatMessage.swift in Sources */ = {isa = PBXBuildFile; fileRef = 37277A4029C44DD2004609C7 /* ChatMessage.swift */; };
		37277A4329C44DE7004609C7 /* RecentMessage.swift in Sources */ = {isa = PBXBuildFile; fileRef = 37277A4229C44DE7004609C7 /* RecentMessage.swift */; };
		37277A4629C453E7004609C7 /* FirebaseAuth in Frameworks */ = {isa = PBXBuildFile; productRef = 37277A4529C453E7004609C7 /* FirebaseAuth */; };
		37277A4829C453E7004609C7 /* FirebaseFirestore in Frameworks */ = {isa = PBXBuildFile; productRef = 37277A4729C453E7004609C7 /* FirebaseFirestore */; };
		37277A4A29C453E7004609C7 /* FirebaseFirestoreSwift in Frameworks */ = {isa = PBXBuildFile; productRef = 37277A4929C453E7004609C7 /* FirebaseFirestoreSwift */; };
		37277A4C29C453E7004609C7 /* FirebaseStorage in Frameworks */ = {isa = PBXBuildFile; productRef = 37277A4B29C453E7004609C7 /* FirebaseStorage */; };
		37277A4E29C55569004609C7 /* FirebaseConstant.swift in Sources */ = {isa = PBXBuildFile; fileRef = 37277A4D29C55569004609C7 /* FirebaseConstant.swift */; };
/* End PBXBuildFile section */

/* Begin PBXFileReference section */
		370CE0B429B2FDF200B486A3 /* ImagePicker.swift */ = {isa = PBXFileReference; lastKnownFileType = sourcecode.swift; path = ImagePicker.swift; sourceTree = "<group>"; };
		370CE0C029B6CB8600B486A3 /* MainMessagesView.swift */ = {isa = PBXFileReference; lastKnownFileType = sourcecode.swift; path = MainMessagesView.swift; sourceTree = "<group>"; };
		370CE0C329B6E7F200B486A3 /* FirebaseManager.swift */ = {isa = PBXFileReference; lastKnownFileType = sourcecode.swift; path = FirebaseManager.swift; sourceTree = "<group>"; };
		370CE0C929B88C9800B486A3 /* ChatUser.swift */ = {isa = PBXFileReference; lastKnownFileType = sourcecode.swift; path = ChatUser.swift; sourceTree = "<group>"; };
		370CE0CE29B898FD00B486A3 /* CreateNewMessageView.swift */ = {isa = PBXFileReference; lastKnownFileType = sourcecode.swift; path = CreateNewMessageView.swift; sourceTree = "<group>"; };
		370CE0D129BAB78E00B486A3 /* ChatLogView.swift */ = {isa = PBXFileReference; lastKnownFileType = sourcecode.swift; path = ChatLogView.swift; sourceTree = "<group>"; };
		371E5C9629A64C2200032768 /* SwiftUI-ChatFirebase.app */ = {isa = PBXFileReference; explicitFileType = wrapper.application; includeInIndex = 0; path = "SwiftUI-ChatFirebase.app"; sourceTree = BUILT_PRODUCTS_DIR; };
		371E5C9929A64C2200032768 /* SwiftUI_ChatFirebaseApp.swift */ = {isa = PBXFileReference; lastKnownFileType = sourcecode.swift; path = SwiftUI_ChatFirebaseApp.swift; sourceTree = "<group>"; };
		371E5C9B29A64C2200032768 /* LoginView.swift */ = {isa = PBXFileReference; lastKnownFileType = sourcecode.swift; path = LoginView.swift; sourceTree = "<group>"; };
		371E5C9D29A64C2300032768 /* Assets.xcassets */ = {isa = PBXFileReference; lastKnownFileType = folder.assetcatalog; path = Assets.xcassets; sourceTree = "<group>"; };
		371E5CA029A64C2300032768 /* Preview Assets.xcassets */ = {isa = PBXFileReference; lastKnownFileType = folder.assetcatalog; path = "Preview Assets.xcassets"; sourceTree = "<group>"; };
		371E5CAC29A9DE3200032768 /* GoogleService-Info.plist */ = {isa = PBXFileReference; fileEncoding = 4; lastKnownFileType = text.plist.xml; name = "GoogleService-Info.plist"; path = "../../../../../Downloads/GoogleService-Info.plist"; sourceTree = "<group>"; };
		37277A4029C44DD2004609C7 /* ChatMessage.swift */ = {isa = PBXFileReference; lastKnownFileType = sourcecode.swift; path = ChatMessage.swift; sourceTree = "<group>"; };
		37277A4229C44DE7004609C7 /* RecentMessage.swift */ = {isa = PBXFileReference; lastKnownFileType = sourcecode.swift; path = RecentMessage.swift; sourceTree = "<group>"; };
		37277A4D29C55569004609C7 /* FirebaseConstant.swift */ = {isa = PBXFileReference; lastKnownFileType = sourcecode.swift; path = FirebaseConstant.swift; sourceTree = "<group>"; };
/* End PBXFileReference section */

/* Begin PBXFrameworksBuildPhase section */
		371E5C9329A64C2200032768 /* Frameworks */ = {
			isa = PBXFrameworksBuildPhase;
			buildActionMask = 2147483647;
			files = (
				370CE0C729B8244300B486A3 /* SDWebImageSwiftUI in Frameworks */,
				37277A4629C453E7004609C7 /* FirebaseAuth in Frameworks */,
				37277A4829C453E7004609C7 /* FirebaseFirestore in Frameworks */,
				37277A4C29C453E7004609C7 /* FirebaseStorage in Frameworks */,
				37277A4A29C453E7004609C7 /* FirebaseFirestoreSwift in Frameworks */,
			);
			runOnlyForDeploymentPostprocessing = 0;
		};
/* End PBXFrameworksBuildPhase section */

/* Begin PBXGroup section */
		370CE0BD29B6CB1900B486A3 /* MainMessages */ = {
			isa = PBXGroup;
			children = (
				370CE0D029BAB77D00B486A3 /* Chat */,
				370CE0CB29B898CD00B486A3 /* NewMessage */,
				370CE0C029B6CB8600B486A3 /* MainMessagesView.swift */,
			);
			path = MainMessages;
			sourceTree = "<group>";
		};
		370CE0C229B6E7DF00B486A3 /* Utils */ = {
			isa = PBXGroup;
			children = (
				370CE0C329B6E7F200B486A3 /* FirebaseManager.swift */,
				37277A4D29C55569004609C7 /* FirebaseConstant.swift */,
			);
			path = Utils;
			sourceTree = "<group>";
		};
		370CE0C829B88C8200B486A3 /* Model */ = {
			isa = PBXGroup;
			children = (
				370CE0C929B88C9800B486A3 /* ChatUser.swift */,
				37277A4029C44DD2004609C7 /* ChatMessage.swift */,
				37277A4229C44DE7004609C7 /* RecentMessage.swift */,
			);
			path = Model;
			sourceTree = "<group>";
		};
		370CE0CB29B898CD00B486A3 /* NewMessage */ = {
			isa = PBXGroup;
			children = (
				370CE0CE29B898FD00B486A3 /* CreateNewMessageView.swift */,
			);
			path = NewMessage;
			sourceTree = "<group>";
		};
		370CE0D029BAB77D00B486A3 /* Chat */ = {
			isa = PBXGroup;
			children = (
				370CE0D129BAB78E00B486A3 /* ChatLogView.swift */,
			);
			path = Chat;
			sourceTree = "<group>";
		};
		371E5C8D29A64C2200032768 = {
			isa = PBXGroup;
			children = (
				371E5C9829A64C2200032768 /* SwiftUI-ChatFirebase */,
				371E5C9729A64C2200032768 /* Products */,
			);
			sourceTree = "<group>";
		};
		371E5C9729A64C2200032768 /* Products */ = {
			isa = PBXGroup;
			children = (
				371E5C9629A64C2200032768 /* SwiftUI-ChatFirebase.app */,
			);
			name = Products;
			sourceTree = "<group>";
		};
		371E5C9829A64C2200032768 /* SwiftUI-ChatFirebase */ = {
			isa = PBXGroup;
			children = (
				370CE0C829B88C8200B486A3 /* Model */,
				370CE0C229B6E7DF00B486A3 /* Utils */,
				370CE0BD29B6CB1900B486A3 /* MainMessages */,
				371E5C9929A64C2200032768 /* SwiftUI_ChatFirebaseApp.swift */,
				371E5C9B29A64C2200032768 /* LoginView.swift */,
				371E5CAC29A9DE3200032768 /* GoogleService-Info.plist */,
				371E5C9D29A64C2300032768 /* Assets.xcassets */,
				371E5C9F29A64C2300032768 /* Preview Content */,
				370CE0B429B2FDF200B486A3 /* ImagePicker.swift */,
			);
			path = "SwiftUI-ChatFirebase";
			sourceTree = "<group>";
		};
		371E5C9F29A64C2300032768 /* Preview Content */ = {
			isa = PBXGroup;
			children = (
				371E5CA029A64C2300032768 /* Preview Assets.xcassets */,
			);
			path = "Preview Content";
			sourceTree = "<group>";
		};
/* End PBXGroup section */

/* Begin PBXNativeTarget section */
		371E5C9529A64C2200032768 /* SwiftUI-ChatFirebase */ = {
			isa = PBXNativeTarget;
			buildConfigurationList = 371E5CA429A64C2300032768 /* Build configuration list for PBXNativeTarget "SwiftUI-ChatFirebase" */;
			buildPhases = (
				371E5C9229A64C2200032768 /* Sources */,
				371E5C9329A64C2200032768 /* Frameworks */,
				371E5C9429A64C2200032768 /* Resources */,
			);
			buildRules = (
			);
			dependencies = (
			);
			name = "SwiftUI-ChatFirebase";
			packageProductDependencies = (
				370CE0C629B8244300B486A3 /* SDWebImageSwiftUI */,
				37277A4529C453E7004609C7 /* FirebaseAuth */,
				37277A4729C453E7004609C7 /* FirebaseFirestore */,
				37277A4929C453E7004609C7 /* FirebaseFirestoreSwift */,
				37277A4B29C453E7004609C7 /* FirebaseStorage */,
			);
			productName = "SwiftUI-ChatFirebase";
			productReference = 371E5C9629A64C2200032768 /* SwiftUI-ChatFirebase.app */;
			productType = "com.apple.product-type.application";
		};
/* End PBXNativeTarget section */

/* Begin PBXProject section */
		371E5C8E29A64C2200032768 /* Project object */ = {
			isa = PBXProject;
			attributes = {
				BuildIndependentTargetsInParallel = 1;
				LastSwiftUpdateCheck = 1420;
				LastUpgradeCheck = 1420;
				TargetAttributes = {
					371E5C9529A64C2200032768 = {
						CreatedOnToolsVersion = 14.2;
					};
				};
			};
			buildConfigurationList = 371E5C9129A64C2200032768 /* Build configuration list for PBXProject "SwiftUI-ChatFirebase" */;
			compatibilityVersion = "Xcode 14.0";
			developmentRegion = en;
			hasScannedForEncodings = 0;
			knownRegions = (
				en,
				Base,
			);
			mainGroup = 371E5C8D29A64C2200032768;
			packageReferences = (
				370CE0C529B8244200B486A3 /* XCRemoteSwiftPackageReference "SDWebImageSwiftUI" */,
				37277A4429C453E7004609C7 /* XCRemoteSwiftPackageReference "firebase-ios-sdk" */,
			);
			productRefGroup = 371E5C9729A64C2200032768 /* Products */;
			projectDirPath = "";
			projectRoot = "";
			targets = (
				371E5C9529A64C2200032768 /* SwiftUI-ChatFirebase */,
			);
		};
/* End PBXProject section */

/* Begin PBXResourcesBuildPhase section */
		371E5C9429A64C2200032768 /* Resources */ = {
			isa = PBXResourcesBuildPhase;
			buildActionMask = 2147483647;
			files = (
				371E5CA129A64C2300032768 /* Preview Assets.xcassets in Resources */,
				371E5C9E29A64C2300032768 /* Assets.xcassets in Resources */,
				371E5CAD29A9DE3200032768 /* GoogleService-Info.plist in Resources */,
			);
			runOnlyForDeploymentPostprocessing = 0;
		};
/* End PBXResourcesBuildPhase section */

/* Begin PBXSourcesBuildPhase section */
		371E5C9229A64C2200032768 /* Sources */ = {
			isa = PBXSourcesBuildPhase;
			buildActionMask = 2147483647;
			files = (
				37277A4129C44DD2004609C7 /* ChatMessage.swift in Sources */,
				370CE0CA29B88C9800B486A3 /* ChatUser.swift in Sources */,
				37277A4329C44DE7004609C7 /* RecentMessage.swift in Sources */,
				37277A4E29C55569004609C7 /* FirebaseConstant.swift in Sources */,
				370CE0D229BAB78E00B486A3 /* ChatLogView.swift in Sources */,
				370CE0B529B2FDF200B486A3 /* ImagePicker.swift in Sources */,
				370CE0C129B6CB8600B486A3 /* MainMessagesView.swift in Sources */,
				370CE0C429B6E7F200B486A3 /* FirebaseManager.swift in Sources */,
				370CE0CF29B898FD00B486A3 /* CreateNewMessageView.swift in Sources */,
				371E5C9C29A64C2200032768 /* LoginView.swift in Sources */,
				371E5C9A29A64C2200032768 /* SwiftUI_ChatFirebaseApp.swift in Sources */,
			);
			runOnlyForDeploymentPostprocessing = 0;
		};
/* End PBXSourcesBuildPhase section */

/* Begin XCBuildConfiguration section */
		371E5CA229A64C2300032768 /* Debug */ = {
			isa = XCBuildConfiguration;
			buildSettings = {
				ALWAYS_SEARCH_USER_PATHS = NO;
				CLANG_ANALYZER_NONNULL = YES;
				CLANG_ANALYZER_NUMBER_OBJECT_CONVERSION = YES_AGGRESSIVE;
				CLANG_CXX_LANGUAGE_STANDARD = "gnu++20";
				CLANG_ENABLE_MODULES = YES;
				CLANG_ENABLE_OBJC_ARC = YES;
				CLANG_ENABLE_OBJC_WEAK = YES;
				CLANG_WARN_BLOCK_CAPTURE_AUTORELEASING = YES;
				CLANG_WARN_BOOL_CONVERSION = YES;
				CLANG_WARN_COMMA = YES;
				CLANG_WARN_CONSTANT_CONVERSION = YES;
				CLANG_WARN_DEPRECATED_OBJC_IMPLEMENTATIONS = YES;
				CLANG_WARN_DIRECT_OBJC_ISA_USAGE = YES_ERROR;
				CLANG_WARN_DOCUMENTATION_COMMENTS = YES;
				CLANG_WARN_EMPTY_BODY = YES;
				CLANG_WARN_ENUM_CONVERSION = YES;
				CLANG_WARN_INFINITE_RECURSION = YES;
				CLANG_WARN_INT_CONVERSION = YES;
				CLANG_WARN_NON_LITERAL_NULL_CONVERSION = YES;
				CLANG_WARN_OBJC_IMPLICIT_RETAIN_SELF = YES;
				CLANG_WARN_OBJC_LITERAL_CONVERSION = YES;
				CLANG_WARN_OBJC_ROOT_CLASS = YES_ERROR;
				CLANG_WARN_QUOTED_INCLUDE_IN_FRAMEWORK_HEADER = YES;
				CLANG_WARN_RANGE_LOOP_ANALYSIS = YES;
				CLANG_WARN_STRICT_PROTOTYPES = YES;
				CLANG_WARN_SUSPICIOUS_MOVE = YES;
				CLANG_WARN_UNGUARDED_AVAILABILITY = YES_AGGRESSIVE;
				CLANG_WARN_UNREACHABLE_CODE = YES;
				CLANG_WARN__DUPLICATE_METHOD_MATCH = YES;
				COPY_PHASE_STRIP = NO;
				DEBUG_INFORMATION_FORMAT = dwarf;
				ENABLE_STRICT_OBJC_MSGSEND = YES;
				ENABLE_TESTABILITY = YES;
				GCC_C_LANGUAGE_STANDARD = gnu11;
				GCC_DYNAMIC_NO_PIC = NO;
				GCC_NO_COMMON_BLOCKS = YES;
				GCC_OPTIMIZATION_LEVEL = 0;
				GCC_PREPROCESSOR_DEFINITIONS = (
					"DEBUG=1",
					"$(inherited)",
				);
				GCC_WARN_64_TO_32_BIT_CONVERSION = YES;
				GCC_WARN_ABOUT_RETURN_TYPE = YES_ERROR;
				GCC_WARN_UNDECLARED_SELECTOR = YES;
				GCC_WARN_UNINITIALIZED_AUTOS = YES_AGGRESSIVE;
				GCC_WARN_UNUSED_FUNCTION = YES;
				GCC_WARN_UNUSED_VARIABLE = YES;
				IPHONEOS_DEPLOYMENT_TARGET = 16.2;
				MTL_ENABLE_DEBUG_INFO = INCLUDE_SOURCE;
				MTL_FAST_MATH = YES;
				ONLY_ACTIVE_ARCH = YES;
				SDKROOT = iphoneos;
				SWIFT_ACTIVE_COMPILATION_CONDITIONS = DEBUG;
				SWIFT_OPTIMIZATION_LEVEL = "-Onone";
			};
			name = Debug;
		};
		371E5CA329A64C2300032768 /* Release */ = {
			isa = XCBuildConfiguration;
			buildSettings = {
				ALWAYS_SEARCH_USER_PATHS = NO;
				CLANG_ANALYZER_NONNULL = YES;
				CLANG_ANALYZER_NUMBER_OBJECT_CONVERSION = YES_AGGRESSIVE;
				CLANG_CXX_LANGUAGE_STANDARD = "gnu++20";
				CLANG_ENABLE_MODULES = YES;
				CLANG_ENABLE_OBJC_ARC = YES;
				CLANG_ENABLE_OBJC_WEAK = YES;
				CLANG_WARN_BLOCK_CAPTURE_AUTORELEASING = YES;
				CLANG_WARN_BOOL_CONVERSION = YES;
				CLANG_WARN_COMMA = YES;
				CLANG_WARN_CONSTANT_CONVERSION = YES;
				CLANG_WARN_DEPRECATED_OBJC_IMPLEMENTATIONS = YES;
				CLANG_WARN_DIRECT_OBJC_ISA_USAGE = YES_ERROR;
				CLANG_WARN_DOCUMENTATION_COMMENTS = YES;
				CLANG_WARN_EMPTY_BODY = YES;
				CLANG_WARN_ENUM_CONVERSION = YES;
				CLANG_WARN_INFINITE_RECURSION = YES;
				CLANG_WARN_INT_CONVERSION = YES;
				CLANG_WARN_NON_LITERAL_NULL_CONVERSION = YES;
				CLANG_WARN_OBJC_IMPLICIT_RETAIN_SELF = YES;
				CLANG_WARN_OBJC_LITERAL_CONVERSION = YES;
				CLANG_WARN_OBJC_ROOT_CLASS = YES_ERROR;
				CLANG_WARN_QUOTED_INCLUDE_IN_FRAMEWORK_HEADER = YES;
				CLANG_WARN_RANGE_LOOP_ANALYSIS = YES;
				CLANG_WARN_STRICT_PROTOTYPES = YES;
				CLANG_WARN_SUSPICIOUS_MOVE = YES;
				CLANG_WARN_UNGUARDED_AVAILABILITY = YES_AGGRESSIVE;
				CLANG_WARN_UNREACHABLE_CODE = YES;
				CLANG_WARN__DUPLICATE_METHOD_MATCH = YES;
				COPY_PHASE_STRIP = NO;
				DEBUG_INFORMATION_FORMAT = "dwarf-with-dsym";
				ENABLE_NS_ASSERTIONS = NO;
				ENABLE_STRICT_OBJC_MSGSEND = YES;
				GCC_C_LANGUAGE_STANDARD = gnu11;
				GCC_NO_COMMON_BLOCKS = YES;
				GCC_WARN_64_TO_32_BIT_CONVERSION = YES;
				GCC_WARN_ABOUT_RETURN_TYPE = YES_ERROR;
				GCC_WARN_UNDECLARED_SELECTOR = YES;
				GCC_WARN_UNINITIALIZED_AUTOS = YES_AGGRESSIVE;
				GCC_WARN_UNUSED_FUNCTION = YES;
				GCC_WARN_UNUSED_VARIABLE = YES;
				IPHONEOS_DEPLOYMENT_TARGET = 16.2;
				MTL_ENABLE_DEBUG_INFO = NO;
				MTL_FAST_MATH = YES;
				SDKROOT = iphoneos;
				SWIFT_COMPILATION_MODE = wholemodule;
				SWIFT_OPTIMIZATION_LEVEL = "-O";
				VALIDATE_PRODUCT = YES;
			};
			name = Release;
		};
		371E5CA529A64C2300032768 /* Debug */ = {
			isa = XCBuildConfiguration;
			buildSettings = {
				ASSETCATALOG_COMPILER_APPICON_NAME = AppIcon;
				ASSETCATALOG_COMPILER_GLOBAL_ACCENT_COLOR_NAME = AccentColor;
				CODE_SIGN_STYLE = Automatic;
				CURRENT_PROJECT_VERSION = 1;
				DEVELOPMENT_ASSET_PATHS = "\"SwiftUI-ChatFirebase/Preview Content\"";
				ENABLE_PREVIEWS = YES;
				GENERATE_INFOPLIST_FILE = YES;
				INFOPLIST_KEY_UIApplicationSceneManifest_Generation = YES;
				INFOPLIST_KEY_UIApplicationSupportsIndirectInputEvents = YES;
				INFOPLIST_KEY_UILaunchScreen_Generation = YES;
				INFOPLIST_KEY_UISupportedInterfaceOrientations_iPad = "UIInterfaceOrientationPortrait UIInterfaceOrientationPortraitUpsideDown UIInterfaceOrientationLandscapeLeft UIInterfaceOrientationLandscapeRight";
				INFOPLIST_KEY_UISupportedInterfaceOrientations_iPhone = "UIInterfaceOrientationPortrait UIInterfaceOrientationLandscapeLeft UIInterfaceOrientationLandscapeRight";
				LD_RUNPATH_SEARCH_PATHS = (
					"$(inherited)",
					"@executable_path/Frameworks",
				);
				MARKETING_VERSION = 1.0;
				PRODUCT_BUNDLE_IDENTIFIER = "com.rifqimuhammadaziz.SwiftUI-ChatFirebase";
				PRODUCT_NAME = "$(TARGET_NAME)";
				SWIFT_EMIT_LOC_STRINGS = YES;
				SWIFT_VERSION = 5.0;
				TARGETED_DEVICE_FAMILY = "1,2";
			};
			name = Debug;
		};
		371E5CA629A64C2300032768 /* Release */ = {
			isa = XCBuildConfiguration;
			buildSettings = {
				ASSETCATALOG_COMPILER_APPICON_NAME = AppIcon;
				ASSETCATALOG_COMPILER_GLOBAL_ACCENT_COLOR_NAME = AccentColor;
				CODE_SIGN_STYLE = Automatic;
				CURRENT_PROJECT_VERSION = 1;
				DEVELOPMENT_ASSET_PATHS = "\"SwiftUI-ChatFirebase/Preview Content\"";
				ENABLE_PREVIEWS = YES;
				GENERATE_INFOPLIST_FILE = YES;
				INFOPLIST_KEY_UIApplicationSceneManifest_Generation = YES;
				INFOPLIST_KEY_UIApplicationSupportsIndirectInputEvents = YES;
				INFOPLIST_KEY_UILaunchScreen_Generation = YES;
				INFOPLIST_KEY_UISupportedInterfaceOrientations_iPad = "UIInterfaceOrientationPortrait UIInterfaceOrientationPortraitUpsideDown UIInterfaceOrientationLandscapeLeft UIInterfaceOrientationLandscapeRight";
				INFOPLIST_KEY_UISupportedInterfaceOrientations_iPhone = "UIInterfaceOrientationPortrait UIInterfaceOrientationLandscapeLeft UIInterfaceOrientationLandscapeRight";
				LD_RUNPATH_SEARCH_PATHS = (
					"$(inherited)",
					"@executable_path/Frameworks",
				);
				MARKETING_VERSION = 1.0;
				PRODUCT_BUNDLE_IDENTIFIER = "com.rifqimuhammadaziz.SwiftUI-ChatFirebase";
				PRODUCT_NAME = "$(TARGET_NAME)";
				SWIFT_EMIT_LOC_STRINGS = YES;
				SWIFT_VERSION = 5.0;
				TARGETED_DEVICE_FAMILY = "1,2";
			};
			name = Release;
		};
/* End XCBuildConfiguration section */

/* Begin XCConfigurationList section */
		371E5C9129A64C2200032768 /* Build configuration list for PBXProject "SwiftUI-ChatFirebase" */ = {
			isa = XCConfigurationList;
			buildConfigurations = (
				371E5CA229A64C2300032768 /* Debug */,
				371E5CA329A64C2300032768 /* Release */,
			);
			defaultConfigurationIsVisible = 0;
			defaultConfigurationName = Release;
		};
		371E5CA429A64C2300032768 /* Build configuration list for PBXNativeTarget "SwiftUI-ChatFirebase" */ = {
			isa = XCConfigurationList;
			buildConfigurations = (
				371E5CA529A64C2300032768 /* Debug */,
				371E5CA629A64C2300032768 /* Release */,
			);
			defaultConfigurationIsVisible = 0;
			defaultConfigurationName = Release;
		};
/* End XCConfigurationList section */

/* Begin XCRemoteSwiftPackageReference section */
		370CE0C529B8244200B486A3 /* XCRemoteSwiftPackageReference "SDWebImageSwiftUI" */ = {
			isa = XCRemoteSwiftPackageReference;
			repositoryURL = "https://github.com/SDWebImage/SDWebImageSwiftUI";
			requirement = {
				kind = upToNextMajorVersion;
				minimumVersion = 2.0.0;
			};
		};
		37277A4429C453E7004609C7 /* XCRemoteSwiftPackageReference "firebase-ios-sdk" */ = {
			isa = XCRemoteSwiftPackageReference;
			repositoryURL = "https://github.com/firebase/firebase-ios-sdk.git";
			requirement = {
				kind = upToNextMajorVersion;
				minimumVersion = 9.0.0;
			};
		};
/* End XCRemoteSwiftPackageReference section */

/* Begin XCSwiftPackageProductDependency section */
		370CE0C629B8244300B486A3 /* SDWebImageSwiftUI */ = {
			isa = XCSwiftPackageProductDependency;
			package = 370CE0C529B8244200B486A3 /* XCRemoteSwiftPackageReference "SDWebImageSwiftUI" */;
			productName = SDWebImageSwiftUI;
		};
		37277A4529C453E7004609C7 /* FirebaseAuth */ = {
			isa = XCSwiftPackageProductDependency;
			package = 37277A4429C453E7004609C7 /* XCRemoteSwiftPackageReference "firebase-ios-sdk" */;
			productName = FirebaseAuth;
		};
		37277A4729C453E7004609C7 /* FirebaseFirestore */ = {
			isa = XCSwiftPackageProductDependency;
			package = 37277A4429C453E7004609C7 /* XCRemoteSwiftPackageReference "firebase-ios-sdk" */;
			productName = FirebaseFirestore;
		};
		37277A4929C453E7004609C7 /* FirebaseFirestoreSwift */ = {
			isa = XCSwiftPackageProductDependency;
			package = 37277A4429C453E7004609C7 /* XCRemoteSwiftPackageReference "firebase-ios-sdk" */;
			productName = FirebaseFirestoreSwift;
		};
		37277A4B29C453E7004609C7 /* FirebaseStorage */ = {
			isa = XCSwiftPackageProductDependency;
			package = 37277A4429C453E7004609C7 /* XCRemoteSwiftPackageReference "firebase-ios-sdk" */;
			productName = FirebaseStorage;
		};
/* End XCSwiftPackageProductDependency section */
	};
	rootObject = 371E5C8E29A64C2200032768 /* Project object */;
}
